{
  "originHash" : "497a4eacf37ad4ef24bf1be1e0f35bd8739161894d6d59759c8d1355fdb45571",
  "pins" : [
    {
      "identity" : "actuator-swift",
      "kind" : "remoteSourceControl",
      "location" : "https://github.com/popescun/Actuator-Swift.git",
      "state" : {
        "revision" : "02ea71ad237cc84cbbd040e3fa5e76c0fee88910",
        "version" : "0.0.1"
      }
    },
    {
      "identity" : "swift-syntax",
      "kind" : "remoteSourceControl",
      "location" : "https://github.com/apple/swift-syntax.git",
      "state" : {
        "revision" : "64889f0c732f210a935a0ad7cda38f77f876262d",
        "version" : "509.1.1"
      }
    }
  ],
  "version" : 3
}
