{
  "originHash" : "ce0e0def8b9b34f1727880ee6304cb20453b5757b0802b0b181631e4c938a22d",
  "pins" : [
    {
      "identity" : "actuator-swift",
      "kind" : "remoteSourceControl",
      "location" : "https://github.com/popescun/Actuator-Swift.git",
      "state" : {
        "revision" : "cb383c2e5bfb5827338777927b1a9873defdedda",
        "version" : "0.0.1"
      }
    },
    {
      "identity" : "swift-syntax",
      "kind" : "remoteSourceControl",
      "location" : "https://github.com/apple/swift-syntax.git",
      "state" : {
        "revision" : "64889f0c732f210a935a0ad7cda38f77f876262d",
        "version" : "509.1.1"
      }
    }
  ],
  "version" : 3
}
